
Microsoft Visual Studio Solution File, Format Version 12.00
# Visual Studio 14
VisualStudioVersion = 14.0.25420.1
MinimumVisualStudioVersion = 10.0.40219.1
Project("{FAE04EC0-301F-11D3-BF4B-00C04F79EFBC}") = "_Chess", "_Chess\_Chess.csproj", "{165A8F19-3B7D-4925-BF5B-3E926DED9944}"
EndProject
Global
	GlobalSection(SolutionConfigurationPlatforms) = preSolution
		Debug|Any CPU = Debug|Any CPU
		Release|Any CPU = Release|Any CPU
	EndGlobalSection
	GlobalSection(ProjectConfigurationPlatforms) = postSolution
		{165A8F19-3B7D-4925-BF5B-3E926DED9944}.Debug|Any CPU.ActiveCfg = Debug|Any CPU
		{165A8F19-3B7D-4925-BF5B-3E926DED9944}.Debug|Any CPU.Build.0 = Debug|Any CPU
		{165A8F19-3B7D-4925-BF5B-3E926DED9944}.Release|Any CPU.ActiveCfg = Release|Any CPU
		{165A8F19-3B7D-4925-BF5B-3E926DED9944}.Release|Any CPU.Build.0 = Release|Any CPU
	EndGlobalSection
	GlobalSection(SolutionProperties) = preSolution
		HideSolutionNode = FALSE
	EndGlobalSection
EndGlobal
